Microsoft Visual Studio Solution File, Format Version 12.00
# Visual Studio Version 17
VisualStudioVersion = 17.5.2.0
MinimumVisualStudioVersion = 10.0.40219.1
Project("{FAE04EC0-301F-11D3-BF4B-00C04F79EFBC}") = "EducAIteSolution", "EducAIteSolution.csproj", "{49D66D4F-D475-9C0E-C929-1CBA23C37683}"
EndProject
Project("{2150E333-8FDC-42A3-9474-1A3956D46DE8}") = "tests", "tests", "{0AB3BF05-4346-4AA6-1389-037BE0695223}"
EndProject
Project("{FAE04EC0-301F-11D3-BF4B-00C04F79EFBC}") = "EducAIteSolution.Tests", "tests\EducAIteSolution.Tests\EducAIteSolution.Tests.csproj", "{A78C5837-6EF3-7217-377E-9E77852B4650}"
EndProject
Global
	GlobalSection(SolutionConfigurationPlatforms) = preSolution
		Debug|Any CPU = Debug|Any CPU
		Release|Any CPU = Release|Any CPU
	EndGlobalSection
	GlobalSection(ProjectConfigurationPlatforms) = postSolution
		{49D66D4F-D475-9C0E-C929-1CBA23C37683}.Debug|Any CPU.ActiveCfg = Debug|Any CPU
		{49D66D4F-D475-9C0E-C929-1CBA23C37683}.Debug|Any CPU.Build.0 = Debug|Any CPU
		{49D66D4F-D475-9C0E-C929-1CBA23C37683}.Release|Any CPU.ActiveCfg = Release|Any CPU
		{49D66D4F-D475-9C0E-C929-1CBA23C37683}.Release|Any CPU.Build.0 = Release|Any CPU
		{A78C5837-6EF3-7217-377E-9E77852B4650}.Debug|Any CPU.ActiveCfg = Debug|Any CPU
		{A78C5837-6EF3-7217-377E-9E77852B4650}.Debug|Any CPU.Build.0 = Debug|Any CPU
		{A78C5837-6EF3-7217-377E-9E77852B4650}.Release|Any CPU.ActiveCfg = Release|Any CPU
		{A78C5837-6EF3-7217-377E-9E77852B4650}.Release|Any CPU.Build.0 = Release|Any CPU
	EndGlobalSection
	GlobalSection(SolutionProperties) = preSolution
		HideSolutionNode = FALSE
	EndGlobalSection
	GlobalSection(NestedProjects) = preSolution
		{A78C5837-6EF3-7217-377E-9E77852B4650} = {0AB3BF05-4346-4AA6-1389-037BE0695223}
	EndGlobalSection
	GlobalSection(ExtensibilityGlobals) = postSolution
		SolutionGuid = {7073B725-86E8-43AA-BFCB-EBA15F178E78}
	EndGlobalSection
EndGlobal
